{
  "name": "degeconek",
  "lockfileVersion": 3,
  "requires": true,
  "packages": {
    "": {
      "dependencies": {
        "@heroicons/react": "^2.1.5"
      }
    },
    "node_modules/@heroicons/react": {
      "version": "2.1.5",
      "resolved": "https://registry.npmjs.org/@heroicons/react/-/react-2.1.5.tgz",
      "integrity": "sha512-FuzFN+BsHa+7OxbvAERtgBTNeZpUjgM/MIizfVkSCL2/edriN0Hx/DWRCR//aPYwO5QX/YlgLGXk+E3PcfZwjA==",
      "license": "MIT",
      "peerDependencies": {
        "react": ">= 16"
      }
    }
  }
}
